<?xml version="1.0" encoding="utf-8"?>
<Project ToolsVersion="4.0" xmlns="http://schemas.microsoft.com/developer/msbuild/2003">
  <ItemGroup>
    <ClCompile Include="Renderer.cpp">
      <Filter>Source</Filter>
    </ClCompile>
    <ClCompile Include="stdafx.cpp">
      <Filter>Source</Filter>
    </ClCompile>
    <ClCompile Include="GLSLBase.cpp">
      <Filter>Source</Filter>
    </ClCompile>
    <ClCompile Include="LoadPng.cpp">
      <Filter>Source</Filter>
    </ClCompile>
    <ClCompile Include="Shader.cpp">
      <Filter>Source</Filter>
    </ClCompile>
    <ClCompile Include="Pipeline.cpp">
      <Filter>Source</Filter>
    </ClCompile>
    <ClCompile Include="VertexObjet.cpp">
      <Filter>Source</Filter>
    </ClCompile>
    <ClCompile Include="VertexBuffer.cpp">
      <Filter>Source</Filter>
    </ClCompile>
    <ClCompile Include="AttributeView.cpp">
      <Filter>Source</Filter>
    </ClCompile>
    <ClCompile Include="UniformView.cpp">
      <Filter>Source</Filter>
    </ClCompile>
    <ClCompile Include="Playground.cpp">
      <Filter>Source</Filter>
    </ClCompile>
  </ItemGroup>
  <ItemGroup>
    <ClInclude Include="Renderer.hpp">
      <Filter>Header</Filter>
    </ClInclude>
    <ClInclude Include="stdafx.h">
      <Filter>Header</Filter>
    </ClInclude>
    <ClInclude Include="targetver.h">
      <Filter>Header</Filter>
    </ClInclude>
    <ClInclude Include="LoadPng.h">
      <Filter>Header</Filter>
    </ClInclude>
    <ClInclude Include="Shader.hpp">
      <Filter>Header</Filter>
    </ClInclude>
    <ClInclude Include="Pipeline.hpp">
      <Filter>Header</Filter>
    </ClInclude>
    <ClInclude Include="VertexObjet.hpp">
      <Filter>Header</Filter>
    </ClInclude>
    <ClInclude Include="VertexBuffer.hpp">
      <Filter>Header</Filter>
    </ClInclude>
    <ClInclude Include="AttributeView.hpp">
      <Filter>Header</Filter>
    </ClInclude>
    <ClInclude Include="UniformView.hpp">
      <Filter>Header</Filter>
    </ClInclude>
    <ClInclude Include="Playground.hpp">
      <Filter>Header</Filter>
    </ClInclude>
  </ItemGroup>
  <ItemGroup>
    <None Include="Shaders\SolidRect.vs">
      <Filter>Shader</Filter>
    </None>
    <None Include="Shaders\SolidRect.fs">
      <Filter>Shader</Filter>
    </None>
    <None Include="Shaders\Lecture3.fs">
      <Filter>Shader</Filter>
    </None>
    <None Include="Shaders\Lecture3.vs">
      <Filter>Shader</Filter>
    </None>
    <None Include="cpp.hint" />
    <None Include="Shaders\MyParticle.fs">
      <Filter>Shader</Filter>
    </None>
    <None Include="Shaders\MyParticle.vs">
      <Filter>Shader</Filter>
    </None>
    <None Include="Shaders\Lecture4Sandbox.fs">
      <Filter>Shader</Filter>
    </None>
    <None Include="Shaders\Lecture4Sandbox.vs">
      <Filter>Shader</Filter>
    </None>
    <None Include="Shaders\Lecture5Curve.fs">
      <Filter>Shader</Filter>
    </None>
    <None Include="Shaders\Lecture5Curve.vs">
      <Filter>Shader</Filter>
    </None>
    <None Include="Shaders\FullRect.fs">
      <Filter>Shader</Filter>
    </None>
    <None Include="Shaders\FullRect.vs">
      <Filter>Shader</Filter>
    </None>
    <None Include="Shaders\Lecture6TexP.glsl">
      <Filter>Shader</Filter>
    </None>
    <None Include="Shaders\Lecture6TexV.glsl">
      <Filter>Shader</Filter>
    </None>
    <None Include="Shaders\Lecture8TexsP.glsl">
      <Filter>Shader</Filter>
    </None>
    <None Include="Shaders\Lecture8TexsV.glsl">
      <Filter>Shader</Filter>
    </None>
    <None Include="Shaders\Lecture9GridP.glsl">
      <Filter>Shader</Filter>
    </None>
    <None Include="Shaders\Lecture9GridV.glsl">
      <Filter>Shader</Filter>
    </None>
  </ItemGroup>
  <ItemGroup>
    <Filter Include="Source">
      <UniqueIdentifier>{a7fcb93d-3717-43ab-b316-e9d0ce5b8225}</UniqueIdentifier>
    </Filter>
    <Filter Include="Header">
      <UniqueIdentifier>{281c75ca-d516-457d-94dd-38314bf09c82}</UniqueIdentifier>
    </Filter>
    <Filter Include="Shader">
      <UniqueIdentifier>{67bf60d2-2daa-4412-a92a-1ef604d4703f}</UniqueIdentifier>
    </Filter>
  </ItemGroup>
  <ItemGroup>
    <Text Include="Shaders\Lecture3Particle.vs">
      <Filter>Shader</Filter>
    </Text>
    <Text Include="Shaders\Lecture3Particle.fs">
      <Filter>Shader</Filter>
    </Text>
  </ItemGroup>
</Project>